PODS:
  - ESTabBarController-swift (2.6.2)
  - Hero (1.3.1)

DEPENDENCIES:
  - ESTabBarController-swift
  - Hero

SPEC REPOS:
  https://github.com/cocoapods/specs.git:
    - ESTabBarController-swift
    - Hero

SPEC CHECKSUMS:
  ESTabBarController-swift: f0a8679e43df1e60b7b36bbcaf1dc98ba6273c7d
  Hero: 1c3c625ba05856f305d29f5c270f8766c5ff2df7

PODFILE CHECKSUM: 3af02026794004b67d787707b2185ff3e6e710a2

COCOAPODS: 1.5.3
