// !$*UTF8*$!
{
	archiveVersion = 1;
	classes = {
	};
	objectVersion = 50;
	objects = {

/* Begin PBXBuildFile section */
		064283DC008D82705C0B631E /* Pods_finance_appTests.framework in Frameworks */ = {isa = PBXBuildFile; fileRef = 78D0361E28828BA9DB482CB7 /* Pods_finance_appTests.framework */; };
		382E04FE77B68486C2970625 /* Pods_finance_appUITests.framework in Frameworks */ = {isa = PBXBuildFile; fileRef = 14AEF90DBED18333BFBFF19A /* Pods_finance_appUITests.framework */; };
		48F5900D9555D8B957BF7F9C /* Pods_finance_app.framework in Frameworks */ = {isa = PBXBuildFile; fileRef = B1E5B88F52661C692E2B87FA /* Pods_finance_app.framework */; };
		AC27B2282150299D001092C4 /* AppDelegate.swift in Sources */ = {isa = PBXBuildFile; fileRef = AC27B2272150299D001092C4 /* AppDelegate.swift */; };
		AC27B22A2150299D001092C4 /* ViewController.swift in Sources */ = {isa = PBXBuildFile; fileRef = AC27B2292150299D001092C4 /* ViewController.swift */; };
		AC27B22D2150299D001092C4 /* Main.storyboard in Resources */ = {isa = PBXBuildFile; fileRef = AC27B22B2150299D001092C4 /* Main.storyboard */; };
		AC27B22F2150299E001092C4 /* Assets.xcassets in Resources */ = {isa = PBXBuildFile; fileRef = AC27B22E2150299E001092C4 /* Assets.xcassets */; };
		AC27B2322150299E001092C4 /* LaunchScreen.storyboard in Resources */ = {isa = PBXBuildFile; fileRef = AC27B2302150299E001092C4 /* LaunchScreen.storyboard */; };
		AC27B23D2150299E001092C4 /* finance_appTests.swift in Sources */ = {isa = PBXBuildFile; fileRef = AC27B23C2150299E001092C4 /* finance_appTests.swift */; };
		AC27B2482150299E001092C4 /* finance_appUITests.swift in Sources */ = {isa = PBXBuildFile; fileRef = AC27B2472150299E001092C4 /* finance_appUITests.swift */; };
		AC3C20E9216412AE00751B59 /* ExampleViewController.swift in Sources */ = {isa = PBXBuildFile; fileRef = AC3C20E8216412AE00751B59 /* ExampleViewController.swift */; };
		AC3C20EB2164140600751B59 /* TabBarItemContentView.swift in Sources */ = {isa = PBXBuildFile; fileRef = AC3C20EA2164140600751B59 /* TabBarItemContentView.swift */; };
		AC3C20ED216414EB00751B59 /* BouncesContentView.swift in Sources */ = {isa = PBXBuildFile; fileRef = AC3C20EC216414EB00751B59 /* BouncesContentView.swift */; };
		AC3C20EF216415E800751B59 /* ExampleNavigationController.swift in Sources */ = {isa = PBXBuildFile; fileRef = AC3C20EE216415E800751B59 /* ExampleNavigationController.swift */; };
/* End PBXBuildFile section */

/* Begin PBXContainerItemProxy section */
		AC27B2392150299E001092C4 /* PBXContainerItemProxy */ = {
			isa = PBXContainerItemProxy;
			containerPortal = AC27B21C2150299D001092C4 /* Project object */;
			proxyType = 1;
			remoteGlobalIDString = AC27B2232150299D001092C4;
			remoteInfo = "finance-app";
		};
		AC27B2442150299E001092C4 /* PBXContainerItemProxy */ = {
			isa = PBXContainerItemProxy;
			containerPortal = AC27B21C2150299D001092C4 /* Project object */;
			proxyType = 1;
			remoteGlobalIDString = AC27B2232150299D001092C4;
			remoteInfo = "finance-app";
		};
/* End PBXContainerItemProxy section */

/* Begin PBXFileReference section */
		14AEF90DBED18333BFBFF19A /* Pods_finance_appUITests.framework */ = {isa = PBXFileReference; explicitFileType = wrapper.framework; includeInIndex = 0; path = Pods_finance_appUITests.framework; sourceTree = BUILT_PRODUCTS_DIR; };
		21B099AE2EB1FBCE1300ADC0 /* Pods-finance-appTests.release.xcconfig */ = {isa = PBXFileReference; includeInIndex = 1; lastKnownFileType = text.xcconfig; name = "Pods-finance-appTests.release.xcconfig"; path = "Pods/Target Support Files/Pods-finance-appTests/Pods-finance-appTests.release.xcconfig"; sourceTree = "<group>"; };
		78D0361E28828BA9DB482CB7 /* Pods_finance_appTests.framework */ = {isa = PBXFileReference; explicitFileType = wrapper.framework; includeInIndex = 0; path = Pods_finance_appTests.framework; sourceTree = BUILT_PRODUCTS_DIR; };
		AC27B2242150299D001092C4 /* finance-app.app */ = {isa = PBXFileReference; explicitFileType = wrapper.application; includeInIndex = 0; path = "finance-app.app"; sourceTree = BUILT_PRODUCTS_DIR; };
		AC27B2272150299D001092C4 /* AppDelegate.swift */ = {isa = PBXFileReference; lastKnownFileType = sourcecode.swift; path = AppDelegate.swift; sourceTree = "<group>"; };
		AC27B2292150299D001092C4 /* ViewController.swift */ = {isa = PBXFileReference; lastKnownFileType = sourcecode.swift; path = ViewController.swift; sourceTree = "<group>"; };
		AC27B22C2150299D001092C4 /* Base */ = {isa = PBXFileReference; lastKnownFileType = file.storyboard; name = Base; path = Base.lproj/Main.storyboard; sourceTree = "<group>"; };
		AC27B22E2150299E001092C4 /* Assets.xcassets */ = {isa = PBXFileReference; lastKnownFileType = folder.assetcatalog; path = Assets.xcassets; sourceTree = "<group>"; };
		AC27B2312150299E001092C4 /* Base */ = {isa = PBXFileReference; lastKnownFileType = file.storyboard; name = Base; path = Base.lproj/LaunchScreen.storyboard; sourceTree = "<group>"; };
		AC27B2332150299E001092C4 /* Info.plist */ = {isa = PBXFileReference; lastKnownFileType = text.plist.xml; path = Info.plist; sourceTree = "<group>"; };
		AC27B2382150299E001092C4 /* finance-appTests.xctest */ = {isa = PBXFileReference; explicitFileType = wrapper.cfbundle; includeInIndex = 0; path = "finance-appTests.xctest"; sourceTree = BUILT_PRODUCTS_DIR; };
		AC27B23C2150299E001092C4 /* finance_appTests.swift */ = {isa = PBXFileReference; lastKnownFileType = sourcecode.swift; path = finance_appTests.swift; sourceTree = "<group>"; };
		AC27B23E2150299E001092C4 /* Info.plist */ = {isa = PBXFileReference; lastKnownFileType = text.plist.xml; path = Info.plist; sourceTree = "<group>"; };
		AC27B2432150299E001092C4 /* finance-appUITests.xctest */ = {isa = PBXFileReference; explicitFileType = wrapper.cfbundle; includeInIndex = 0; path = "finance-appUITests.xctest"; sourceTree = BUILT_PRODUCTS_DIR; };
		AC27B2472150299E001092C4 /* finance_appUITests.swift */ = {isa = PBXFileReference; lastKnownFileType = sourcecode.swift; path = finance_appUITests.swift; sourceTree = "<group>"; };
		AC27B2492150299E001092C4 /* Info.plist */ = {isa = PBXFileReference; lastKnownFileType = text.plist.xml; path = Info.plist; sourceTree = "<group>"; };
		AC3C20E8216412AE00751B59 /* ExampleViewController.swift */ = {isa = PBXFileReference; fileEncoding = 4; lastKnownFileType = sourcecode.swift; path = ExampleViewController.swift; sourceTree = "<group>"; };
		AC3C20EA2164140600751B59 /* TabBarItemContentView.swift */ = {isa = PBXFileReference; lastKnownFileType = sourcecode.swift; path = TabBarItemContentView.swift; sourceTree = "<group>"; };
		AC3C20EC216414EB00751B59 /* BouncesContentView.swift */ = {isa = PBXFileReference; lastKnownFileType = sourcecode.swift; path = BouncesContentView.swift; sourceTree = "<group>"; };
		AC3C20EE216415E800751B59 /* ExampleNavigationController.swift */ = {isa = PBXFileReference; lastKnownFileType = sourcecode.swift; path = ExampleNavigationController.swift; sourceTree = "<group>"; };
		B1E5B88F52661C692E2B87FA /* Pods_finance_app.framework */ = {isa = PBXFileReference; explicitFileType = wrapper.framework; includeInIndex = 0; path = Pods_finance_app.framework; sourceTree = BUILT_PRODUCTS_DIR; };
		BFB731FEB3D7732D02C6ABCB /* Pods-finance-appUITests.debug.xcconfig */ = {isa = PBXFileReference; includeInIndex = 1; lastKnownFileType = text.xcconfig; name = "Pods-finance-appUITests.debug.xcconfig"; path = "Pods/Target Support Files/Pods-finance-appUITests/Pods-finance-appUITests.debug.xcconfig"; sourceTree = "<group>"; };
		D44A0954746BA793532E69FC /* Pods-finance-appUITests.release.xcconfig */ = {isa = PBXFileReference; includeInIndex = 1; lastKnownFileType = text.xcconfig; name = "Pods-finance-appUITests.release.xcconfig"; path = "Pods/Target Support Files/Pods-finance-appUITests/Pods-finance-appUITests.release.xcconfig"; sourceTree = "<group>"; };
		E2289804176F2228D70C91C4 /* Pods-finance-app.debug.xcconfig */ = {isa = PBXFileReference; includeInIndex = 1; lastKnownFileType = text.xcconfig; name = "Pods-finance-app.debug.xcconfig"; path = "Pods/Target Support Files/Pods-finance-app/Pods-finance-app.debug.xcconfig"; sourceTree = "<group>"; };
		F8CF15188FED521D32C4C863 /* Pods-finance-app.release.xcconfig */ = {isa = PBXFileReference; includeInIndex = 1; lastKnownFileType = text.xcconfig; name = "Pods-finance-app.release.xcconfig"; path = "Pods/Target Support Files/Pods-finance-app/Pods-finance-app.release.xcconfig"; sourceTree = "<group>"; };
		FA5015CD2BACD40D0DA1A80A /* Pods-finance-appTests.debug.xcconfig */ = {isa = PBXFileReference; includeInIndex = 1; lastKnownFileType = text.xcconfig; name = "Pods-finance-appTests.debug.xcconfig"; path = "Pods/Target Support Files/Pods-finance-appTests/Pods-finance-appTests.debug.xcconfig"; sourceTree = "<group>"; };
/* End PBXFileReference section */

/* Begin PBXFrameworksBuildPhase section */
		AC27B2212150299D001092C4 /* Frameworks */ = {
			isa = PBXFrameworksBuildPhase;
			buildActionMask = 2147483647;
			files = (
				48F5900D9555D8B957BF7F9C /* Pods_finance_app.framework in Frameworks */,
			);
			runOnlyForDeploymentPostprocessing = 0;
		};
		AC27B2352150299E001092C4 /* Frameworks */ = {
			isa = PBXFrameworksBuildPhase;
			buildActionMask = 2147483647;
			files = (
				064283DC008D82705C0B631E /* Pods_finance_appTests.framework in Frameworks */,
			);
			runOnlyForDeploymentPostprocessing = 0;
		};
		AC27B2402150299E001092C4 /* Frameworks */ = {
			isa = PBXFrameworksBuildPhase;
			buildActionMask = 2147483647;
			files = (
				382E04FE77B68486C2970625 /* Pods_finance_appUITests.framework in Frameworks */,
			);
			runOnlyForDeploymentPostprocessing = 0;
		};
/* End PBXFrameworksBuildPhase section */

/* Begin PBXGroup section */
		AC27B21B2150299D001092C4 = {
			isa = PBXGroup;
			children = (
				AC27B2262150299D001092C4 /* finance-app */,
				AC27B23B2150299E001092C4 /* finance-appTests */,
				AC27B2462150299E001092C4 /* finance-appUITests */,
				AC27B2252150299D001092C4 /* Products */,
				D45AEC587039BF24055BD362 /* Pods */,
				C585C8EFEEE193644190429D /* Frameworks */,
			);
			sourceTree = "<group>";
		};
		AC27B2252150299D001092C4 /* Products */ = {
			isa = PBXGroup;
			children = (
				AC27B2242150299D001092C4 /* finance-app.app */,
				AC27B2382150299E001092C4 /* finance-appTests.xctest */,
				AC27B2432150299E001092C4 /* finance-appUITests.xctest */,
			);
			name = Products;
			sourceTree = "<group>";
		};
		AC27B2262150299D001092C4 /* finance-app */ = {
			isa = PBXGroup;
			children = (
				AC27B2272150299D001092C4 /* AppDelegate.swift */,
				AC27B2292150299D001092C4 /* ViewController.swift */,
				AC3C20E8216412AE00751B59 /* ExampleViewController.swift */,
				AC27B22B2150299D001092C4 /* Main.storyboard */,
				AC27B22E2150299E001092C4 /* Assets.xcassets */,
				AC27B2302150299E001092C4 /* LaunchScreen.storyboard */,
				AC27B2332150299E001092C4 /* Info.plist */,
				AC3C20EA2164140600751B59 /* TabBarItemContentView.swift */,
				AC3C20EC216414EB00751B59 /* BouncesContentView.swift */,
				AC3C20EE216415E800751B59 /* ExampleNavigationController.swift */,
			);
			path = "finance-app";
			sourceTree = "<group>";
		};
		AC27B23B2150299E001092C4 /* finance-appTests */ = {
			isa = PBXGroup;
			children = (
				AC27B23C2150299E001092C4 /* finance_appTests.swift */,
				AC27B23E2150299E001092C4 /* Info.plist */,
			);
			path = "finance-appTests";
			sourceTree = "<group>";
		};
		AC27B2462150299E001092C4 /* finance-appUITests */ = {
			isa = PBXGroup;
			children = (
				AC27B2472150299E001092C4 /* finance_appUITests.swift */,
				AC27B2492150299E001092C4 /* Info.plist */,
			);
			path = "finance-appUITests";
			sourceTree = "<group>";
		};
		C585C8EFEEE193644190429D /* Frameworks */ = {
			isa = PBXGroup;
			children = (
				B1E5B88F52661C692E2B87FA /* Pods_finance_app.framework */,
				78D0361E28828BA9DB482CB7 /* Pods_finance_appTests.framework */,
				14AEF90DBED18333BFBFF19A /* Pods_finance_appUITests.framework */,
			);
			name = Frameworks;
			sourceTree = "<group>";
		};
		D45AEC587039BF24055BD362 /* Pods */ = {
			isa = PBXGroup;
			children = (
				E2289804176F2228D70C91C4 /* Pods-finance-app.debug.xcconfig */,
				F8CF15188FED521D32C4C863 /* Pods-finance-app.release.xcconfig */,
				FA5015CD2BACD40D0DA1A80A /* Pods-finance-appTests.debug.xcconfig */,
				21B099AE2EB1FBCE1300ADC0 /* Pods-finance-appTests.release.xcconfig */,
				BFB731FEB3D7732D02C6ABCB /* Pods-finance-appUITests.debug.xcconfig */,
				D44A0954746BA793532E69FC /* Pods-finance-appUITests.release.xcconfig */,
			);
			name = Pods;
			sourceTree = "<group>";
		};
/* End PBXGroup section */

/* Begin PBXNativeTarget section */
		AC27B2232150299D001092C4 /* finance-app */ = {
			isa = PBXNativeTarget;
			buildConfigurationList = AC27B24C2150299E001092C4 /* Build configuration list for PBXNativeTarget "finance-app" */;
			buildPhases = (
				ADB8E65C7E590CA2240AEA8A /* [CP] Check Pods Manifest.lock */,
				AC27B2202150299D001092C4 /* Sources */,
				AC27B2212150299D001092C4 /* Frameworks */,
				AC27B2222150299D001092C4 /* Resources */,
				833F391927F48B6A210DB77C /* [CP] Embed Pods Frameworks */,
			);
			buildRules = (
			);
			dependencies = (
			);
			name = "finance-app";
			productName = "finance-app";
			productReference = AC27B2242150299D001092C4 /* finance-app.app */;
			productType = "com.apple.product-type.application";
		};
		AC27B2372150299E001092C4 /* finance-appTests */ = {
			isa = PBXNativeTarget;
			buildConfigurationList = AC27B24F2150299E001092C4 /* Build configuration list for PBXNativeTarget "finance-appTests" */;
			buildPhases = (
				B736343AD0148A192C40ABCB /* [CP] Check Pods Manifest.lock */,
				AC27B2342150299E001092C4 /* Sources */,
				AC27B2352150299E001092C4 /* Frameworks */,
				AC27B2362150299E001092C4 /* Resources */,
			);
			buildRules = (
			);
			dependencies = (
				AC27B23A2150299E001092C4 /* PBXTargetDependency */,
			);
			name = "finance-appTests";
			productName = "finance-appTests";
			productReference = AC27B2382150299E001092C4 /* finance-appTests.xctest */;
			productType = "com.apple.product-type.bundle.unit-test";
		};
		AC27B2422150299E001092C4 /* finance-appUITests */ = {
			isa = PBXNativeTarget;
			buildConfigurationList = AC27B2522150299E001092C4 /* Build configuration list for PBXNativeTarget "finance-appUITests" */;
			buildPhases = (
				C1FE9800A689448D51DD34B0 /* [CP] Check Pods Manifest.lock */,
				AC27B23F2150299E001092C4 /* Sources */,
				AC27B2402150299E001092C4 /* Frameworks */,
				AC27B2412150299E001092C4 /* Resources */,
			);
			buildRules = (
			);
			dependencies = (
				AC27B2452150299E001092C4 /* PBXTargetDependency */,
			);
			name = "finance-appUITests";
			productName = "finance-appUITests";
			productReference = AC27B2432150299E001092C4 /* finance-appUITests.xctest */;
			productType = "com.apple.product-type.bundle.ui-testing";
		};
/* End PBXNativeTarget section */

/* Begin PBXProject section */
		AC27B21C2150299D001092C4 /* Project object */ = {
			isa = PBXProject;
			attributes = {
				LastSwiftUpdateCheck = 0940;
				LastUpgradeCheck = 0940;
				ORGANIZATIONNAME = "Alexandre Ohara";
				TargetAttributes = {
					AC27B2232150299D001092C4 = {
						CreatedOnToolsVersion = 9.4.1;
					};
					AC27B2372150299E001092C4 = {
						CreatedOnToolsVersion = 9.4.1;
						TestTargetID = AC27B2232150299D001092C4;
					};
					AC27B2422150299E001092C4 = {
						CreatedOnToolsVersion = 9.4.1;
						TestTargetID = AC27B2232150299D001092C4;
					};
				};
			};
			buildConfigurationList = AC27B21F2150299D001092C4 /* Build configuration list for PBXProject "finance-app" */;
			compatibilityVersion = "Xcode 9.3";
			developmentRegion = en;
			hasScannedForEncodings = 0;
			knownRegions = (
				en,
				Base,
			);
			mainGroup = AC27B21B2150299D001092C4;
			productRefGroup = AC27B2252150299D001092C4 /* Products */;
			projectDirPath = "";
			projectRoot = "";
			targets = (
				AC27B2232150299D001092C4 /* finance-app */,
				AC27B2372150299E001092C4 /* finance-appTests */,
				AC27B2422150299E001092C4 /* finance-appUITests */,
			);
		};
/* End PBXProject section */

/* Begin PBXResourcesBuildPhase section */
		AC27B2222150299D001092C4 /* Resources */ = {
			isa = PBXResourcesBuildPhase;
			buildActionMask = 2147483647;
			files = (
				AC27B2322150299E001092C4 /* LaunchScreen.storyboard in Resources */,
				AC27B22F2150299E001092C4 /* Assets.xcassets in Resources */,
				AC27B22D2150299D001092C4 /* Main.storyboard in Resources */,
			);
			runOnlyForDeploymentPostprocessing = 0;
		};
		AC27B2362150299E001092C4 /* Resources */ = {
			isa = PBXResourcesBuildPhase;
			buildActionMask = 2147483647;
			files = (
			);
			runOnlyForDeploymentPostprocessing = 0;
		};
		AC27B2412150299E001092C4 /* Resources */ = {
			isa = PBXResourcesBuildPhase;
			buildActionMask = 2147483647;
			files = (
			);
			runOnlyForDeploymentPostprocessing = 0;
		};
/* End PBXResourcesBuildPhase section */

/* Begin PBXShellScriptBuildPhase section */
		833F391927F48B6A210DB77C /* [CP] Embed Pods Frameworks */ = {
			isa = PBXShellScriptBuildPhase;
			buildActionMask = 2147483647;
			files = (
			);
			inputFileListPaths = (
			);
			inputPaths = (
				"${SRCROOT}/Pods/Target Support Files/Pods-finance-app/Pods-finance-app-frameworks.sh",
				"${BUILT_PRODUCTS_DIR}/ESTabBarController-swift/ESTabBarController_swift.framework",
			);
			name = "[CP] Embed Pods Frameworks";
			outputFileListPaths = (
			);
			outputPaths = (
				"${TARGET_BUILD_DIR}/${FRAMEWORKS_FOLDER_PATH}/ESTabBarController_swift.framework",
			);
			runOnlyForDeploymentPostprocessing = 0;
			shellPath = /bin/sh;
			shellScript = "\"${SRCROOT}/Pods/Target Support Files/Pods-finance-app/Pods-finance-app-frameworks.sh\"\n";
			showEnvVarsInLog = 0;
		};
		ADB8E65C7E590CA2240AEA8A /* [CP] Check Pods Manifest.lock */ = {
			isa = PBXShellScriptBuildPhase;
			buildActionMask = 2147483647;
			files = (
			);
			inputFileListPaths = (
			);
			inputPaths = (
				"${PODS_PODFILE_DIR_PATH}/Podfile.lock",
				"${PODS_ROOT}/Manifest.lock",
			);
			name = "[CP] Check Pods Manifest.lock";
			outputFileListPaths = (
			);
			outputPaths = (
				"$(DERIVED_FILE_DIR)/Pods-finance-app-checkManifestLockResult.txt",
			);
			runOnlyForDeploymentPostprocessing = 0;
			shellPath = /bin/sh;
			shellScript = "diff \"${PODS_PODFILE_DIR_PATH}/Podfile.lock\" \"${PODS_ROOT}/Manifest.lock\" > /dev/null\nif [ $? != 0 ] ; then\n    # print error to STDERR\n    echo \"error: The sandbox is not in sync with the Podfile.lock. Run 'pod install' or update your CocoaPods installation.\" >&2\n    exit 1\nfi\n# This output is used by Xcode 'outputs' to avoid re-running this script phase.\necho \"SUCCESS\" > \"${SCRIPT_OUTPUT_FILE_0}\"\n";
			showEnvVarsInLog = 0;
		};
		B736343AD0148A192C40ABCB /* [CP] Check Pods Manifest.lock */ = {
			isa = PBXShellScriptBuildPhase;
			buildActionMask = 2147483647;
			files = (
			);
			inputFileListPaths = (
			);
			inputPaths = (
				"${PODS_PODFILE_DIR_PATH}/Podfile.lock",
				"${PODS_ROOT}/Manifest.lock",
			);
			name = "[CP] Check Pods Manifest.lock";
			outputFileListPaths = (
			);
			outputPaths = (
				"$(DERIVED_FILE_DIR)/Pods-finance-appTests-checkManifestLockResult.txt",
			);
			runOnlyForDeploymentPostprocessing = 0;
			shellPath = /bin/sh;
			shellScript = "diff \"${PODS_PODFILE_DIR_PATH}/Podfile.lock\" \"${PODS_ROOT}/Manifest.lock\" > /dev/null\nif [ $? != 0 ] ; then\n    # print error to STDERR\n    echo \"error: The sandbox is not in sync with the Podfile.lock. Run 'pod install' or update your CocoaPods installation.\" >&2\n    exit 1\nfi\n# This output is used by Xcode 'outputs' to avoid re-running this script phase.\necho \"SUCCESS\" > \"${SCRIPT_OUTPUT_FILE_0}\"\n";
			showEnvVarsInLog = 0;
		};
		C1FE9800A689448D51DD34B0 /* [CP] Check Pods Manifest.lock */ = {
			isa = PBXShellScriptBuildPhase;
			buildActionMask = 2147483647;
			files = (
			);
			inputFileListPaths = (
			);
			inputPaths = (
				"${PODS_PODFILE_DIR_PATH}/Podfile.lock",
				"${PODS_ROOT}/Manifest.lock",
			);
			name = "[CP] Check Pods Manifest.lock";
			outputFileListPaths = (
			);
			outputPaths = (
				"$(DERIVED_FILE_DIR)/Pods-finance-appUITests-checkManifestLockResult.txt",
			);
			runOnlyForDeploymentPostprocessing = 0;
			shellPath = /bin/sh;
			shellScript = "diff \"${PODS_PODFILE_DIR_PATH}/Podfile.lock\" \"${PODS_ROOT}/Manifest.lock\" > /dev/null\nif [ $? != 0 ] ; then\n    # print error to STDERR\n    echo \"error: The sandbox is not in sync with the Podfile.lock. Run 'pod install' or update your CocoaPods installation.\" >&2\n    exit 1\nfi\n# This output is used by Xcode 'outputs' to avoid re-running this script phase.\necho \"SUCCESS\" > \"${SCRIPT_OUTPUT_FILE_0}\"\n";
			showEnvVarsInLog = 0;
		};
/* End PBXShellScriptBuildPhase section */

/* Begin PBXSourcesBuildPhase section */
		AC27B2202150299D001092C4 /* Sources */ = {
			isa = PBXSourcesBuildPhase;
			buildActionMask = 2147483647;
			files = (
				AC27B22A2150299D001092C4 /* ViewController.swift in Sources */,
				AC27B2282150299D001092C4 /* AppDelegate.swift in Sources */,
				AC3C20ED216414EB00751B59 /* BouncesContentView.swift in Sources */,
				AC3C20E9216412AE00751B59 /* ExampleViewController.swift in Sources */,
				AC3C20EF216415E800751B59 /* ExampleNavigationController.swift in Sources */,
				AC3C20EB2164140600751B59 /* TabBarItemContentView.swift in Sources */,
			);
			runOnlyForDeploymentPostprocessing = 0;
		};
		AC27B2342150299E001092C4 /* Sources */ = {
			isa = PBXSourcesBuildPhase;
			buildActionMask = 2147483647;
			files = (
				AC27B23D2150299E001092C4 /* finance_appTests.swift in Sources */,
			);
			runOnlyForDeploymentPostprocessing = 0;
		};
		AC27B23F2150299E001092C4 /* Sources */ = {
			isa = PBXSourcesBuildPhase;
			buildActionMask = 2147483647;
			files = (
				AC27B2482150299E001092C4 /* finance_appUITests.swift in Sources */,
			);
			runOnlyForDeploymentPostprocessing = 0;
		};
/* End PBXSourcesBuildPhase section */

/* Begin PBXTargetDependency section */
		AC27B23A2150299E001092C4 /* PBXTargetDependency */ = {
			isa = PBXTargetDependency;
			target = AC27B2232150299D001092C4 /* finance-app */;
			targetProxy = AC27B2392150299E001092C4 /* PBXContainerItemProxy */;
		};
		AC27B2452150299E001092C4 /* PBXTargetDependency */ = {
			isa = PBXTargetDependency;
			target = AC27B2232150299D001092C4 /* finance-app */;
			targetProxy = AC27B2442150299E001092C4 /* PBXContainerItemProxy */;
		};
/* End PBXTargetDependency section */

/* Begin PBXVariantGroup section */
		AC27B22B2150299D001092C4 /* Main.storyboard */ = {
			isa = PBXVariantGroup;
			children = (
				AC27B22C2150299D001092C4 /* Base */,
			);
			name = Main.storyboard;
			sourceTree = "<group>";
		};
		AC27B2302150299E001092C4 /* LaunchScreen.storyboard */ = {
			isa = PBXVariantGroup;
			children = (
				AC27B2312150299E001092C4 /* Base */,
			);
			name = LaunchScreen.storyboard;
			sourceTree = "<group>";
		};
/* End PBXVariantGroup section */

/* Begin XCBuildConfiguration section */
		AC27B24A2150299E001092C4 /* Debug */ = {
			isa = XCBuildConfiguration;
			buildSettings = {
				ALWAYS_SEARCH_USER_PATHS = NO;
				CLANG_ANALYZER_NONNULL = YES;
				CLANG_ANALYZER_NUMBER_OBJECT_CONVERSION = YES_AGGRESSIVE;
				CLANG_CXX_LANGUAGE_STANDARD = "gnu++14";
				CLANG_CXX_LIBRARY = "libc++";
				CLANG_ENABLE_MODULES = YES;
				CLANG_ENABLE_OBJC_ARC = YES;
				CLANG_ENABLE_OBJC_WEAK = YES;
				CLANG_WARN_BLOCK_CAPTURE_AUTORELEASING = YES;
				CLANG_WARN_BOOL_CONVERSION = YES;
				CLANG_WARN_COMMA = YES;
				CLANG_WARN_CONSTANT_CONVERSION = YES;
				CLANG_WARN_DEPRECATED_OBJC_IMPLEMENTATIONS = YES;
				CLANG_WARN_DIRECT_OBJC_ISA_USAGE = YES_ERROR;
				CLANG_WARN_DOCUMENTATION_COMMENTS = YES;
				CLANG_WARN_EMPTY_BODY = YES;
				CLANG_WARN_ENUM_CONVERSION = YES;
				CLANG_WARN_INFINITE_RECURSION = YES;
				CLANG_WARN_INT_CONVERSION = YES;
				CLANG_WARN_NON_LITERAL_NULL_CONVERSION = YES;
				CLANG_WARN_OBJC_IMPLICIT_RETAIN_SELF = YES;
				CLANG_WARN_OBJC_LITERAL_CONVERSION = YES;
				CLANG_WARN_OBJC_ROOT_CLASS = YES_ERROR;
				CLANG_WARN_RANGE_LOOP_ANALYSIS = YES;
				CLANG_WARN_STRICT_PROTOTYPES = YES;
				CLANG_WARN_SUSPICIOUS_MOVE = YES;
				CLANG_WARN_UNGUARDED_AVAILABILITY = YES_AGGRESSIVE;
				CLANG_WARN_UNREACHABLE_CODE = YES;
				CLANG_WARN__DUPLICATE_METHOD_MATCH = YES;
				CODE_SIGN_IDENTITY = "iPhone Developer";
				COPY_PHASE_STRIP = NO;
				DEBUG_INFORMATION_FORMAT = dwarf;
				ENABLE_STRICT_OBJC_MSGSEND = YES;
				ENABLE_TESTABILITY = YES;
				GCC_C_LANGUAGE_STANDARD = gnu11;
				GCC_DYNAMIC_NO_PIC = NO;
				GCC_NO_COMMON_BLOCKS = YES;
				GCC_OPTIMIZATION_LEVEL = 0;
				GCC_PREPROCESSOR_DEFINITIONS = (
					"DEBUG=1",
					"$(inherited)",
				);
				GCC_WARN_64_TO_32_BIT_CONVERSION = YES;
				GCC_WARN_ABOUT_RETURN_TYPE = YES_ERROR;
				GCC_WARN_UNDECLARED_SELECTOR = YES;
				GCC_WARN_UNINITIALIZED_AUTOS = YES_AGGRESSIVE;
				GCC_WARN_UNUSED_FUNCTION = YES;
				GCC_WARN_UNUSED_VARIABLE = YES;
				IPHONEOS_DEPLOYMENT_TARGET = 11.4;
				MTL_ENABLE_DEBUG_INFO = YES;
				ONLY_ACTIVE_ARCH = YES;
				SDKROOT = iphoneos;
				SWIFT_ACTIVE_COMPILATION_CONDITIONS = DEBUG;
				SWIFT_OPTIMIZATION_LEVEL = "-Onone";
			};
			name = Debug;
		};
		AC27B24B2150299E001092C4 /* Release */ = {
			isa = XCBuildConfiguration;
			buildSettings = {
				ALWAYS_SEARCH_USER_PATHS = NO;
				CLANG_ANALYZER_NONNULL = YES;
				CLANG_ANALYZER_NUMBER_OBJECT_CONVERSION = YES_AGGRESSIVE;
				CLANG_CXX_LANGUAGE_STANDARD = "gnu++14";
				CLANG_CXX_LIBRARY = "libc++";
				CLANG_ENABLE_MODULES = YES;
				CLANG_ENABLE_OBJC_ARC = YES;
				CLANG_ENABLE_OBJC_WEAK = YES;
				CLANG_WARN_BLOCK_CAPTURE_AUTORELEASING = YES;
				CLANG_WARN_BOOL_CONVERSION = YES;
				CLANG_WARN_COMMA = YES;
				CLANG_WARN_CONSTANT_CONVERSION = YES;
				CLANG_WARN_DEPRECATED_OBJC_IMPLEMENTATIONS = YES;
				CLANG_WARN_DIRECT_OBJC_ISA_USAGE = YES_ERROR;
				CLANG_WARN_DOCUMENTATION_COMMENTS = YES;
				CLANG_WARN_EMPTY_BODY = YES;
				CLANG_WARN_ENUM_CONVERSION = YES;
				CLANG_WARN_INFINITE_RECURSION = YES;
				CLANG_WARN_INT_CONVERSION = YES;
				CLANG_WARN_NON_LITERAL_NULL_CONVERSION = YES;
				CLANG_WARN_OBJC_IMPLICIT_RETAIN_SELF = YES;
				CLANG_WARN_OBJC_LITERAL_CONVERSION = YES;
				CLANG_WARN_OBJC_ROOT_CLASS = YES_ERROR;
				CLANG_WARN_RANGE_LOOP_ANALYSIS = YES;
				CLANG_WARN_STRICT_PROTOTYPES = YES;
				CLANG_WARN_SUSPICIOUS_MOVE = YES;
				CLANG_WARN_UNGUARDED_AVAILABILITY = YES_AGGRESSIVE;
				CLANG_WARN_UNREACHABLE_CODE = YES;
				CLANG_WARN__DUPLICATE_METHOD_MATCH = YES;
				CODE_SIGN_IDENTITY = "iPhone Developer";
				COPY_PHASE_STRIP = NO;
				DEBUG_INFORMATION_FORMAT = "dwarf-with-dsym";
				ENABLE_NS_ASSERTIONS = NO;
				ENABLE_STRICT_OBJC_MSGSEND = YES;
				GCC_C_LANGUAGE_STANDARD = gnu11;
				GCC_NO_COMMON_BLOCKS = YES;
				GCC_WARN_64_TO_32_BIT_CONVERSION = YES;
				GCC_WARN_ABOUT_RETURN_TYPE = YES_ERROR;
				GCC_WARN_UNDECLARED_SELECTOR = YES;
				GCC_WARN_UNINITIALIZED_AUTOS = YES_AGGRESSIVE;
				GCC_WARN_UNUSED_FUNCTION = YES;
				GCC_WARN_UNUSED_VARIABLE = YES;
				IPHONEOS_DEPLOYMENT_TARGET = 11.4;
				MTL_ENABLE_DEBUG_INFO = NO;
				SDKROOT = iphoneos;
				SWIFT_COMPILATION_MODE = wholemodule;
				SWIFT_OPTIMIZATION_LEVEL = "-O";
				VALIDATE_PRODUCT = YES;
			};
			name = Release;
		};
		AC27B24D2150299E001092C4 /* Debug */ = {
			isa = XCBuildConfiguration;
			baseConfigurationReference = E2289804176F2228D70C91C4 /* Pods-finance-app.debug.xcconfig */;
			buildSettings = {
				ASSETCATALOG_COMPILER_APPICON_NAME = AppIcon;
				CODE_SIGN_STYLE = Automatic;
				INFOPLIST_FILE = "finance-app/Info.plist";
				LD_RUNPATH_SEARCH_PATHS = (
					"$(inherited)",
					"@executable_path/Frameworks",
				);
				PRODUCT_BUNDLE_IDENTIFIER = "estudo-paralelo.finance-app";
				PRODUCT_NAME = "$(TARGET_NAME)";
				SWIFT_VERSION = 4.0;
				TARGETED_DEVICE_FAMILY = "1,2";
			};
			name = Debug;
		};
		AC27B24E2150299E001092C4 /* Release */ = {
			isa = XCBuildConfiguration;
			baseConfigurationReference = F8CF15188FED521D32C4C863 /* Pods-finance-app.release.xcconfig */;
			buildSettings = {
				ASSETCATALOG_COMPILER_APPICON_NAME = AppIcon;
				CODE_SIGN_STYLE = Automatic;
				INFOPLIST_FILE = "finance-app/Info.plist";
				LD_RUNPATH_SEARCH_PATHS = (
					"$(inherited)",
					"@executable_path/Frameworks",
				);
				PRODUCT_BUNDLE_IDENTIFIER = "estudo-paralelo.finance-app";
				PRODUCT_NAME = "$(TARGET_NAME)";
				SWIFT_VERSION = 4.0;
				TARGETED_DEVICE_FAMILY = "1,2";
			};
			name = Release;
		};
		AC27B2502150299E001092C4 /* Debug */ = {
			isa = XCBuildConfiguration;
			baseConfigurationReference = FA5015CD2BACD40D0DA1A80A /* Pods-finance-appTests.debug.xcconfig */;
			buildSettings = {
				ALWAYS_EMBED_SWIFT_STANDARD_LIBRARIES = YES;
				BUNDLE_LOADER = "$(TEST_HOST)";
				CODE_SIGN_STYLE = Automatic;
				INFOPLIST_FILE = "finance-appTests/Info.plist";
				LD_RUNPATH_SEARCH_PATHS = (
					"$(inherited)",
					"@executable_path/Frameworks",
					"@loader_path/Frameworks",
				);
				PRODUCT_BUNDLE_IDENTIFIER = "estudo-paralelo.finance-appTests";
				PRODUCT_NAME = "$(TARGET_NAME)";
				SWIFT_VERSION = 4.0;
				TARGETED_DEVICE_FAMILY = "1,2";
				TEST_HOST = "$(BUILT_PRODUCTS_DIR)/finance-app.app/finance-app";
			};
			name = Debug;
		};
		AC27B2512150299E001092C4 /* Release */ = {
			isa = XCBuildConfiguration;
			baseConfigurationReference = 21B099AE2EB1FBCE1300ADC0 /* Pods-finance-appTests.release.xcconfig */;
			buildSettings = {
				ALWAYS_EMBED_SWIFT_STANDARD_LIBRARIES = YES;
				BUNDLE_LOADER = "$(TEST_HOST)";
				CODE_SIGN_STYLE = Automatic;
				INFOPLIST_FILE = "finance-appTests/Info.plist";
				LD_RUNPATH_SEARCH_PATHS = (
					"$(inherited)",
					"@executable_path/Frameworks",
					"@loader_path/Frameworks",
				);
				PRODUCT_BUNDLE_IDENTIFIER = "estudo-paralelo.finance-appTests";
				PRODUCT_NAME = "$(TARGET_NAME)";
				SWIFT_VERSION = 4.0;
				TARGETED_DEVICE_FAMILY = "1,2";
				TEST_HOST = "$(BUILT_PRODUCTS_DIR)/finance-app.app/finance-app";
			};
			name = Release;
		};
		AC27B2532150299E001092C4 /* Debug */ = {
			isa = XCBuildConfiguration;
			baseConfigurationReference = BFB731FEB3D7732D02C6ABCB /* Pods-finance-appUITests.debug.xcconfig */;
			buildSettings = {
				ALWAYS_EMBED_SWIFT_STANDARD_LIBRARIES = YES;
				CODE_SIGN_STYLE = Automatic;
				INFOPLIST_FILE = "finance-appUITests/Info.plist";
				LD_RUNPATH_SEARCH_PATHS = (
					"$(inherited)",
					"@executable_path/Frameworks",
					"@loader_path/Frameworks",
				);
				PRODUCT_BUNDLE_IDENTIFIER = "estudo-paralelo.finance-appUITests";
				PRODUCT_NAME = "$(TARGET_NAME)";
				SWIFT_VERSION = 4.0;
				TARGETED_DEVICE_FAMILY = "1,2";
				TEST_TARGET_NAME = "finance-app";
			};
			name = Debug;
		};
		AC27B2542150299E001092C4 /* Release */ = {
			isa = XCBuildConfiguration;
			baseConfigurationReference = D44A0954746BA793532E69FC /* Pods-finance-appUITests.release.xcconfig */;
			buildSettings = {
				ALWAYS_EMBED_SWIFT_STANDARD_LIBRARIES = YES;
				CODE_SIGN_STYLE = Automatic;
				INFOPLIST_FILE = "finance-appUITests/Info.plist";
				LD_RUNPATH_SEARCH_PATHS = (
					"$(inherited)",
					"@executable_path/Frameworks",
					"@loader_path/Frameworks",
				);
				PRODUCT_BUNDLE_IDENTIFIER = "estudo-paralelo.finance-appUITests";
				PRODUCT_NAME = "$(TARGET_NAME)";
				SWIFT_VERSION = 4.0;
				TARGETED_DEVICE_FAMILY = "1,2";
				TEST_TARGET_NAME = "finance-app";
			};
			name = Release;
		};
/* End XCBuildConfiguration section */

/* Begin XCConfigurationList section */
		AC27B21F2150299D001092C4 /* Build configuration list for PBXProject "finance-app" */ = {
			isa = XCConfigurationList;
			buildConfigurations = (
				AC27B24A2150299E001092C4 /* Debug */,
				AC27B24B2150299E001092C4 /* Release */,
			);
			defaultConfigurationIsVisible = 0;
			defaultConfigurationName = Release;
		};
		AC27B24C2150299E001092C4 /* Build configuration list for PBXNativeTarget "finance-app" */ = {
			isa = XCConfigurationList;
			buildConfigurations = (
				AC27B24D2150299E001092C4 /* Debug */,
				AC27B24E2150299E001092C4 /* Release */,
			);
			defaultConfigurationIsVisible = 0;
			defaultConfigurationName = Release;
		};
		AC27B24F2150299E001092C4 /* Build configuration list for PBXNativeTarget "finance-appTests" */ = {
			isa = XCConfigurationList;
			buildConfigurations = (
				AC27B2502150299E001092C4 /* Debug */,
				AC27B2512150299E001092C4 /* Release */,
			);
			defaultConfigurationIsVisible = 0;
			defaultConfigurationName = Release;
		};
		AC27B2522150299E001092C4 /* Build configuration list for PBXNativeTarget "finance-appUITests" */ = {
			isa = XCConfigurationList;
			buildConfigurations = (
				AC27B2532150299E001092C4 /* Debug */,
				AC27B2542150299E001092C4 /* Release */,
			);
			defaultConfigurationIsVisible = 0;
			defaultConfigurationName = Release;
		};
/* End XCConfigurationList section */
	};
	rootObject = AC27B21C2150299D001092C4 /* Project object */;
}
